
Microsoft Visual Studio Solution File, Format Version 12.00
# Visual Studio 14
VisualStudioVersion = 14.0.25420.1
MinimumVisualStudioVersion = 10.0.40219.1
Project("{FAE04EC0-301F-11D3-BF4B-00C04F79EFBC}") = "SloperMobile", "SloperMobile\SloperMobile\SloperMobile.csproj", "{B8FBADC5-375B-4A91-8B8E-4152CD63812D}"
EndProject
Project("{FAE04EC0-301F-11D3-BF4B-00C04F79EFBC}") = "SloperMobile.Droid", "SloperMobile\SloperMobile.Droid\SloperMobile.Droid.csproj", "{C6DAEC4D-F624-4F89-AD72-D6280DEB56A0}"
EndProject
Project("{FAE04EC0-301F-11D3-BF4B-00C04F79EFBC}") = "SloperMobile.iOS", "SloperMobile\SloperMobile.iOS\SloperMobile.iOS.csproj", "{301A5094-3EFC-4910-9CEF-879C7EDFAF4E}"
EndProject
Global
	GlobalSection(SolutionConfigurationPlatforms) = preSolution
		Ad-Hoc|Any CPU = Ad-Hoc|Any CPU
		Ad-Hoc|ARM = Ad-Hoc|ARM
		Ad-Hoc|iPhone = Ad-Hoc|iPhone
		Ad-Hoc|iPhoneSimulator = Ad-Hoc|iPhoneSimulator
		Ad-Hoc|x64 = Ad-Hoc|x64
		Ad-Hoc|x86 = Ad-Hoc|x86
		AppStore|Any CPU = AppStore|Any CPU
		AppStore|ARM = AppStore|ARM
		AppStore|iPhone = AppStore|iPhone
		AppStore|iPhoneSimulator = AppStore|iPhoneSimulator
		AppStore|x64 = AppStore|x64
		AppStore|x86 = AppStore|x86
		Debug|Any CPU = Debug|Any CPU
		Debug|ARM = Debug|ARM
		Debug|iPhone = Debug|iPhone
		Debug|iPhoneSimulator = Debug|iPhoneSimulator
		Debug|x64 = Debug|x64
		Debug|x86 = Debug|x86
		Release|Any CPU = Release|Any CPU
		Release|ARM = Release|ARM
		Release|iPhone = Release|iPhone
		Release|iPhoneSimulator = Release|iPhoneSimulator
		Release|x64 = Release|x64
		Release|x86 = Release|x86
	EndGlobalSection
	GlobalSection(ProjectConfigurationPlatforms) = postSolution
		{B8FBADC5-375B-4A91-8B8E-4152CD63812D}.Ad-Hoc|Any CPU.ActiveCfg = Release|Any CPU
		{B8FBADC5-375B-4A91-8B8E-4152CD63812D}.Ad-Hoc|Any CPU.Build.0 = Release|Any CPU
		{B8FBADC5-375B-4A91-8B8E-4152CD63812D}.Ad-Hoc|ARM.ActiveCfg = Release|Any CPU
		{B8FBADC5-375B-4A91-8B8E-4152CD63812D}.Ad-Hoc|ARM.Build.0 = Release|Any CPU
		{B8FBADC5-375B-4A91-8B8E-4152CD63812D}.Ad-Hoc|iPhone.ActiveCfg = Release|Any CPU
		{B8FBADC5-375B-4A91-8B8E-4152CD63812D}.Ad-Hoc|iPhone.Build.0 = Release|Any CPU
		{B8FBADC5-375B-4A91-8B8E-4152CD63812D}.Ad-Hoc|iPhoneSimulator.ActiveCfg = Release|Any CPU
		{B8FBADC5-375B-4A91-8B8E-4152CD63812D}.Ad-Hoc|iPhoneSimulator.Build.0 = Release|Any CPU
		{B8FBADC5-375B-4A91-8B8E-4152CD63812D}.Ad-Hoc|x64.ActiveCfg = Release|Any CPU
		{B8FBADC5-375B-4A91-8B8E-4152CD63812D}.Ad-Hoc|x64.Build.0 = Release|Any CPU
		{B8FBADC5-375B-4A91-8B8E-4152CD63812D}.Ad-Hoc|x86.ActiveCfg = Release|Any CPU
		{B8FBADC5-375B-4A91-8B8E-4152CD63812D}.Ad-Hoc|x86.Build.0 = Release|Any CPU
		{B8FBADC5-375B-4A91-8B8E-4152CD63812D}.AppStore|Any CPU.ActiveCfg = Release|Any CPU
		{B8FBADC5-375B-4A91-8B8E-4152CD63812D}.AppStore|Any CPU.Build.0 = Release|Any CPU
		{B8FBADC5-375B-4A91-8B8E-4152CD63812D}.AppStore|ARM.ActiveCfg = Release|Any CPU
		{B8FBADC5-375B-4A91-8B8E-4152CD63812D}.AppStore|ARM.Build.0 = Release|Any CPU
		{B8FBADC5-375B-4A91-8B8E-4152CD63812D}.AppStore|iPhone.ActiveCfg = Release|Any CPU
		{B8FBADC5-375B-4A91-8B8E-4152CD63812D}.AppStore|iPhone.Build.0 = Release|Any CPU
		{B8FBADC5-375B-4A91-8B8E-4152CD63812D}.AppStore|iPhoneSimulator.ActiveCfg = Release|Any CPU
		{B8FBADC5-375B-4A91-8B8E-4152CD63812D}.AppStore|iPhoneSimulator.Build.0 = Release|Any CPU
		{B8FBADC5-375B-4A91-8B8E-4152CD63812D}.AppStore|x64.ActiveCfg = Release|Any CPU
		{B8FBADC5-375B-4A91-8B8E-4152CD63812D}.AppStore|x64.Build.0 = Release|Any CPU
		{B8FBADC5-375B-4A91-8B8E-4152CD63812D}.AppStore|x86.ActiveCfg = Release|Any CPU
		{B8FBADC5-375B-4A91-8B8E-4152CD63812D}.AppStore|x86.Build.0 = Release|Any CPU
		{B8FBADC5-375B-4A91-8B8E-4152CD63812D}.Debug|Any CPU.ActiveCfg = Debug|Any CPU
		{B8FBADC5-375B-4A91-8B8E-4152CD63812D}.Debug|Any CPU.Build.0 = Debug|Any CPU
		{B8FBADC5-375B-4A91-8B8E-4152CD63812D}.Debug|ARM.ActiveCfg = Debug|Any CPU
		{B8FBADC5-375B-4A91-8B8E-4152CD63812D}.Debug|ARM.Build.0 = Debug|Any CPU
		{B8FBADC5-375B-4A91-8B8E-4152CD63812D}.Debug|iPhone.ActiveCfg = Debug|Any CPU
		{B8FBADC5-375B-4A91-8B8E-4152CD63812D}.Debug|iPhone.Build.0 = Debug|Any CPU
		{B8FBADC5-375B-4A91-8B8E-4152CD63812D}.Debug|iPhoneSimulator.ActiveCfg = Debug|Any CPU
		{B8FBADC5-375B-4A91-8B8E-4152CD63812D}.Debug|iPhoneSimulator.Build.0 = Debug|Any CPU
		{B8FBADC5-375B-4A91-8B8E-4152CD63812D}.Debug|x64.ActiveCfg = Debug|Any CPU
		{B8FBADC5-375B-4A91-8B8E-4152CD63812D}.Debug|x64.Build.0 = Debug|Any CPU
		{B8FBADC5-375B-4A91-8B8E-4152CD63812D}.Debug|x86.ActiveCfg = Debug|Any CPU
		{B8FBADC5-375B-4A91-8B8E-4152CD63812D}.Debug|x86.Build.0 = Debug|Any CPU
		{B8FBADC5-375B-4A91-8B8E-4152CD63812D}.Release|Any CPU.ActiveCfg = Release|Any CPU
		{B8FBADC5-375B-4A91-8B8E-4152CD63812D}.Release|Any CPU.Build.0 = Release|Any CPU
		{B8FBADC5-375B-4A91-8B8E-4152CD63812D}.Release|ARM.ActiveCfg = Release|Any CPU
		{B8FBADC5-375B-4A91-8B8E-4152CD63812D}.Release|ARM.Build.0 = Release|Any CPU
		{B8FBADC5-375B-4A91-8B8E-4152CD63812D}.Release|iPhone.ActiveCfg = Release|Any CPU
		{B8FBADC5-375B-4A91-8B8E-4152CD63812D}.Release|iPhone.Build.0 = Release|Any CPU
		{B8FBADC5-375B-4A91-8B8E-4152CD63812D}.Release|iPhoneSimulator.ActiveCfg = Release|Any CPU
		{B8FBADC5-375B-4A91-8B8E-4152CD63812D}.Release|iPhoneSimulator.Build.0 = Release|Any CPU
		{B8FBADC5-375B-4A91-8B8E-4152CD63812D}.Release|x64.ActiveCfg = Release|Any CPU
		{B8FBADC5-375B-4A91-8B8E-4152CD63812D}.Release|x64.Build.0 = Release|Any CPU
		{B8FBADC5-375B-4A91-8B8E-4152CD63812D}.Release|x86.ActiveCfg = Release|Any CPU
		{B8FBADC5-375B-4A91-8B8E-4152CD63812D}.Release|x86.Build.0 = Release|Any CPU
		{C6DAEC4D-F624-4F89-AD72-D6280DEB56A0}.Ad-Hoc|Any CPU.ActiveCfg = Release|Any CPU
		{C6DAEC4D-F624-4F89-AD72-D6280DEB56A0}.Ad-Hoc|Any CPU.Build.0 = Release|Any CPU
		{C6DAEC4D-F624-4F89-AD72-D6280DEB56A0}.Ad-Hoc|Any CPU.Deploy.0 = Release|Any CPU
		{C6DAEC4D-F624-4F89-AD72-D6280DEB56A0}.Ad-Hoc|ARM.ActiveCfg = Release|Any CPU
		{C6DAEC4D-F624-4F89-AD72-D6280DEB56A0}.Ad-Hoc|ARM.Build.0 = Release|Any CPU
		{C6DAEC4D-F624-4F89-AD72-D6280DEB56A0}.Ad-Hoc|ARM.Deploy.0 = Release|Any CPU
		{C6DAEC4D-F624-4F89-AD72-D6280DEB56A0}.Ad-Hoc|iPhone.ActiveCfg = Release|Any CPU
		{C6DAEC4D-F624-4F89-AD72-D6280DEB56A0}.Ad-Hoc|iPhone.Build.0 = Release|Any CPU
		{C6DAEC4D-F624-4F89-AD72-D6280DEB56A0}.Ad-Hoc|iPhone.Deploy.0 = Release|Any CPU
		{C6DAEC4D-F624-4F89-AD72-D6280DEB56A0}.Ad-Hoc|iPhoneSimulator.ActiveCfg = Release|Any CPU
		{C6DAEC4D-F624-4F89-AD72-D6280DEB56A0}.Ad-Hoc|iPhoneSimulator.Build.0 = Release|Any CPU
		{C6DAEC4D-F624-4F89-AD72-D6280DEB56A0}.Ad-Hoc|iPhoneSimulator.Deploy.0 = Release|Any CPU
		{C6DAEC4D-F624-4F89-AD72-D6280DEB56A0}.Ad-Hoc|x64.ActiveCfg = Release|Any CPU
		{C6DAEC4D-F624-4F89-AD72-D6280DEB56A0}.Ad-Hoc|x64.Build.0 = Release|Any CPU
		{C6DAEC4D-F624-4F89-AD72-D6280DEB56A0}.Ad-Hoc|x64.Deploy.0 = Release|Any CPU
		{C6DAEC4D-F624-4F89-AD72-D6280DEB56A0}.Ad-Hoc|x86.ActiveCfg = Release|Any CPU
		{C6DAEC4D-F624-4F89-AD72-D6280DEB56A0}.Ad-Hoc|x86.Build.0 = Release|Any CPU
		{C6DAEC4D-F624-4F89-AD72-D6280DEB56A0}.Ad-Hoc|x86.Deploy.0 = Release|Any CPU
		{C6DAEC4D-F624-4F89-AD72-D6280DEB56A0}.AppStore|Any CPU.ActiveCfg = Release|Any CPU
		{C6DAEC4D-F624-4F89-AD72-D6280DEB56A0}.AppStore|Any CPU.Build.0 = Release|Any CPU
		{C6DAEC4D-F624-4F89-AD72-D6280DEB56A0}.AppStore|Any CPU.Deploy.0 = Release|Any CPU
		{C6DAEC4D-F624-4F89-AD72-D6280DEB56A0}.AppStore|ARM.ActiveCfg = Release|Any CPU
		{C6DAEC4D-F624-4F89-AD72-D6280DEB56A0}.AppStore|ARM.Build.0 = Release|Any CPU
		{C6DAEC4D-F624-4F89-AD72-D6280DEB56A0}.AppStore|ARM.Deploy.0 = Release|Any CPU
		{C6DAEC4D-F624-4F89-AD72-D6280DEB56A0}.AppStore|iPhone.ActiveCfg = Release|Any CPU
		{C6DAEC4D-F624-4F89-AD72-D6280DEB56A0}.AppStore|iPhone.Build.0 = Release|Any CPU
		{C6DAEC4D-F624-4F89-AD72-D6280DEB56A0}.AppStore|iPhone.Deploy.0 = Release|Any CPU
		{C6DAEC4D-F624-4F89-AD72-D6280DEB56A0}.AppStore|iPhoneSimulator.ActiveCfg = Release|Any CPU
		{C6DAEC4D-F624-4F89-AD72-D6280DEB56A0}.AppStore|iPhoneSimulator.Build.0 = Release|Any CPU
		{C6DAEC4D-F624-4F89-AD72-D6280DEB56A0}.AppStore|iPhoneSimulator.Deploy.0 = Release|Any CPU
		{C6DAEC4D-F624-4F89-AD72-D6280DEB56A0}.AppStore|x64.ActiveCfg = Release|Any CPU
		{C6DAEC4D-F624-4F89-AD72-D6280DEB56A0}.AppStore|x64.Build.0 = Release|Any CPU
		{C6DAEC4D-F624-4F89-AD72-D6280DEB56A0}.AppStore|x64.Deploy.0 = Release|Any CPU
		{C6DAEC4D-F624-4F89-AD72-D6280DEB56A0}.AppStore|x86.ActiveCfg = Release|Any CPU
		{C6DAEC4D-F624-4F89-AD72-D6280DEB56A0}.AppStore|x86.Build.0 = Release|Any CPU
		{C6DAEC4D-F624-4F89-AD72-D6280DEB56A0}.AppStore|x86.Deploy.0 = Release|Any CPU
		{C6DAEC4D-F624-4F89-AD72-D6280DEB56A0}.Debug|Any CPU.ActiveCfg = Debug|Any CPU
		{C6DAEC4D-F624-4F89-AD72-D6280DEB56A0}.Debug|Any CPU.Build.0 = Debug|Any CPU
		{C6DAEC4D-F624-4F89-AD72-D6280DEB56A0}.Debug|Any CPU.Deploy.0 = Debug|Any CPU
		{C6DAEC4D-F624-4F89-AD72-D6280DEB56A0}.Debug|ARM.ActiveCfg = Debug|Any CPU
		{C6DAEC4D-F624-4F89-AD72-D6280DEB56A0}.Debug|ARM.Build.0 = Debug|Any CPU
		{C6DAEC4D-F624-4F89-AD72-D6280DEB56A0}.Debug|ARM.Deploy.0 = Debug|Any CPU
		{C6DAEC4D-F624-4F89-AD72-D6280DEB56A0}.Debug|iPhone.ActiveCfg = Debug|Any CPU
		{C6DAEC4D-F624-4F89-AD72-D6280DEB56A0}.Debug|iPhone.Build.0 = Debug|Any CPU
		{C6DAEC4D-F624-4F89-AD72-D6280DEB56A0}.Debug|iPhone.Deploy.0 = Debug|Any CPU
		{C6DAEC4D-F624-4F89-AD72-D6280DEB56A0}.Debug|iPhoneSimulator.ActiveCfg = Debug|Any CPU
		{C6DAEC4D-F624-4F89-AD72-D6280DEB56A0}.Debug|iPhoneSimulator.Build.0 = Debug|Any CPU
		{C6DAEC4D-F624-4F89-AD72-D6280DEB56A0}.Debug|iPhoneSimulator.Deploy.0 = Debug|Any CPU
		{C6DAEC4D-F624-4F89-AD72-D6280DEB56A0}.Debug|x64.ActiveCfg = Debug|Any CPU
		{C6DAEC4D-F624-4F89-AD72-D6280DEB56A0}.Debug|x64.Build.0 = Debug|Any CPU
		{C6DAEC4D-F624-4F89-AD72-D6280DEB56A0}.Debug|x64.Deploy.0 = Debug|Any CPU
		{C6DAEC4D-F624-4F89-AD72-D6280DEB56A0}.Debug|x86.ActiveCfg = Debug|Any CPU
		{C6DAEC4D-F624-4F89-AD72-D6280DEB56A0}.Debug|x86.Build.0 = Debug|Any CPU
		{C6DAEC4D-F624-4F89-AD72-D6280DEB56A0}.Debug|x86.Deploy.0 = Debug|Any CPU
		{C6DAEC4D-F624-4F89-AD72-D6280DEB56A0}.Release|Any CPU.ActiveCfg = Release|Any CPU
		{C6DAEC4D-F624-4F89-AD72-D6280DEB56A0}.Release|Any CPU.Build.0 = Release|Any CPU
		{C6DAEC4D-F624-4F89-AD72-D6280DEB56A0}.Release|Any CPU.Deploy.0 = Release|Any CPU
		{C6DAEC4D-F624-4F89-AD72-D6280DEB56A0}.Release|ARM.ActiveCfg = Release|Any CPU
		{C6DAEC4D-F624-4F89-AD72-D6280DEB56A0}.Release|ARM.Build.0 = Release|Any CPU
		{C6DAEC4D-F624-4F89-AD72-D6280DEB56A0}.Release|ARM.Deploy.0 = Release|Any CPU
		{C6DAEC4D-F624-4F89-AD72-D6280DEB56A0}.Release|iPhone.ActiveCfg = Release|Any CPU
		{C6DAEC4D-F624-4F89-AD72-D6280DEB56A0}.Release|iPhone.Build.0 = Release|Any CPU
		{C6DAEC4D-F624-4F89-AD72-D6280DEB56A0}.Release|iPhone.Deploy.0 = Release|Any CPU
		{C6DAEC4D-F624-4F89-AD72-D6280DEB56A0}.Release|iPhoneSimulator.ActiveCfg = Release|Any CPU
		{C6DAEC4D-F624-4F89-AD72-D6280DEB56A0}.Release|iPhoneSimulator.Build.0 = Release|Any CPU
		{C6DAEC4D-F624-4F89-AD72-D6280DEB56A0}.Release|iPhoneSimulator.Deploy.0 = Release|Any CPU
		{C6DAEC4D-F624-4F89-AD72-D6280DEB56A0}.Release|x64.ActiveCfg = Release|Any CPU
		{C6DAEC4D-F624-4F89-AD72-D6280DEB56A0}.Release|x64.Build.0 = Release|Any CPU
		{C6DAEC4D-F624-4F89-AD72-D6280DEB56A0}.Release|x64.Deploy.0 = Release|Any CPU
		{C6DAEC4D-F624-4F89-AD72-D6280DEB56A0}.Release|x86.ActiveCfg = Release|Any CPU
		{C6DAEC4D-F624-4F89-AD72-D6280DEB56A0}.Release|x86.Build.0 = Release|Any CPU
		{C6DAEC4D-F624-4F89-AD72-D6280DEB56A0}.Release|x86.Deploy.0 = Release|Any CPU
		{301A5094-3EFC-4910-9CEF-879C7EDFAF4E}.Ad-Hoc|Any CPU.ActiveCfg = Ad-Hoc|iPhone
		{301A5094-3EFC-4910-9CEF-879C7EDFAF4E}.Ad-Hoc|ARM.ActiveCfg = Ad-Hoc|iPhone
		{301A5094-3EFC-4910-9CEF-879C7EDFAF4E}.Ad-Hoc|iPhone.ActiveCfg = Ad-Hoc|iPhone
		{301A5094-3EFC-4910-9CEF-879C7EDFAF4E}.Ad-Hoc|iPhone.Build.0 = Ad-Hoc|iPhone
		{301A5094-3EFC-4910-9CEF-879C7EDFAF4E}.Ad-Hoc|iPhoneSimulator.ActiveCfg = Ad-Hoc|iPhone
		{301A5094-3EFC-4910-9CEF-879C7EDFAF4E}.Ad-Hoc|iPhoneSimulator.Build.0 = Ad-Hoc|iPhone
		{301A5094-3EFC-4910-9CEF-879C7EDFAF4E}.Ad-Hoc|iPhoneSimulator.Deploy.0 = Ad-Hoc|iPhone
		{301A5094-3EFC-4910-9CEF-879C7EDFAF4E}.Ad-Hoc|x64.ActiveCfg = Ad-Hoc|iPhone
		{301A5094-3EFC-4910-9CEF-879C7EDFAF4E}.Ad-Hoc|x86.ActiveCfg = Ad-Hoc|iPhone
		{301A5094-3EFC-4910-9CEF-879C7EDFAF4E}.AppStore|Any CPU.ActiveCfg = AppStore|iPhone
		{301A5094-3EFC-4910-9CEF-879C7EDFAF4E}.AppStore|ARM.ActiveCfg = AppStore|iPhone
		{301A5094-3EFC-4910-9CEF-879C7EDFAF4E}.AppStore|iPhone.ActiveCfg = AppStore|iPhone
		{301A5094-3EFC-4910-9CEF-879C7EDFAF4E}.AppStore|iPhone.Build.0 = AppStore|iPhone
		{301A5094-3EFC-4910-9CEF-879C7EDFAF4E}.AppStore|iPhoneSimulator.ActiveCfg = AppStore|iPhoneSimulator
		{301A5094-3EFC-4910-9CEF-879C7EDFAF4E}.AppStore|iPhoneSimulator.Build.0 = AppStore|iPhoneSimulator
		{301A5094-3EFC-4910-9CEF-879C7EDFAF4E}.AppStore|x64.ActiveCfg = AppStore|iPhone
		{301A5094-3EFC-4910-9CEF-879C7EDFAF4E}.AppStore|x86.ActiveCfg = AppStore|iPhone
		{301A5094-3EFC-4910-9CEF-879C7EDFAF4E}.Debug|Any CPU.ActiveCfg = Debug|iPhone
		{301A5094-3EFC-4910-9CEF-879C7EDFAF4E}.Debug|Any CPU.Deploy.0 = Debug|iPhone
		{301A5094-3EFC-4910-9CEF-879C7EDFAF4E}.Debug|ARM.ActiveCfg = Debug|iPhone
		{301A5094-3EFC-4910-9CEF-879C7EDFAF4E}.Debug|iPhone.ActiveCfg = Debug|iPhoneSimulator
		{301A5094-3EFC-4910-9CEF-879C7EDFAF4E}.Debug|iPhone.Build.0 = Debug|iPhoneSimulator
		{301A5094-3EFC-4910-9CEF-879C7EDFAF4E}.Debug|iPhoneSimulator.ActiveCfg = Debug|iPhoneSimulator
		{301A5094-3EFC-4910-9CEF-879C7EDFAF4E}.Debug|iPhoneSimulator.Build.0 = Debug|iPhoneSimulator
		{301A5094-3EFC-4910-9CEF-879C7EDFAF4E}.Debug|x64.ActiveCfg = Debug|iPhone
		{301A5094-3EFC-4910-9CEF-879C7EDFAF4E}.Debug|x86.ActiveCfg = Debug|iPhone
		{301A5094-3EFC-4910-9CEF-879C7EDFAF4E}.Release|Any CPU.ActiveCfg = Release|iPhone
		{301A5094-3EFC-4910-9CEF-879C7EDFAF4E}.Release|ARM.ActiveCfg = Release|iPhone
		{301A5094-3EFC-4910-9CEF-879C7EDFAF4E}.Release|iPhone.ActiveCfg = Release|iPhone
		{301A5094-3EFC-4910-9CEF-879C7EDFAF4E}.Release|iPhone.Build.0 = Release|iPhone
		{301A5094-3EFC-4910-9CEF-879C7EDFAF4E}.Release|iPhoneSimulator.ActiveCfg = Release|iPhoneSimulator
		{301A5094-3EFC-4910-9CEF-879C7EDFAF4E}.Release|iPhoneSimulator.Build.0 = Release|iPhoneSimulator
		{301A5094-3EFC-4910-9CEF-879C7EDFAF4E}.Release|x64.ActiveCfg = Release|iPhone
		{301A5094-3EFC-4910-9CEF-879C7EDFAF4E}.Release|x86.ActiveCfg = Release|iPhone
	EndGlobalSection
	GlobalSection(SolutionProperties) = preSolution
		HideSolutionNode = FALSE
	EndGlobalSection
	GlobalSection(MonoDevelopProperties) = preSolution
		Policies = $0
		$0.TextStylePolicy = $1
		$1.inheritsSet = VisualStudio
		$1.inheritsScope = text/plain
		$1.scope = text/x-csharp
		$0.CSharpFormattingPolicy = $2
		$2.IndentSwitchSection = True
		$2.NewLinesForBracesInProperties = True
		$2.NewLinesForBracesInAccessors = True
		$2.NewLinesForBracesInAnonymousMethods = True
		$2.NewLinesForBracesInControlBlocks = True
		$2.NewLinesForBracesInAnonymousTypes = True
		$2.NewLinesForBracesInObjectCollectionArrayInitializers = True
		$2.NewLinesForBracesInLambdaExpressionBody = True
		$2.NewLineForElse = True
		$2.NewLineForCatch = True
		$2.NewLineForFinally = True
		$2.NewLineForMembersInObjectInit = True
		$2.NewLineForMembersInAnonymousTypes = True
		$2.NewLineForClausesInQuery = True
		$2.SpacingAfterMethodDeclarationName = False
		$2.SpaceAfterMethodCallName = False
		$2.SpaceBeforeOpenSquareBracket = False
		$2.inheritsSet = Mono
		$2.inheritsScope = text/x-csharp
		$2.scope = text/x-csharp
		$0.DotNetNamingPolicy = $3
		$3.DirectoryNamespaceAssociation = None
		$3.ResourceNamePolicy = FileFormatDefault
		$0.StandardHeader = $4
		$4.Text = 
		$4.IncludeInNewFiles = True
		$0.NameConventionPolicy = $5
		$5.Rules = $6
		$6.NamingRule = $7
		$7.Name = Type Parameters
		$7.AffectedEntity = TypeParameter
		$7.VisibilityMask = VisibilityMask
		$7.NamingStyle = PascalCase
		$7.IncludeInstanceMembers = True
		$7.IncludeStaticEntities = True
		$7.RequiredPrefixes = $8
		$8.String = T
		$7.RequiredSuffixes = $9
		$9.String = Exception
		$0.VersionControlPolicy = $10
		$10.inheritsSet = Mono
		version = 2.118
	EndGlobalSection
EndGlobal
